
Microsoft Visual Studio Solution File, Format Version 12.00
# Visual Studio Version 17
VisualStudioVersion = 17.5.002.0
MinimumVisualStudioVersion = 10.0.40219.1
Project("{9A19103F-16F7-4668-BE54-9A1E7A4F7556}") = "teste", "teste.csproj", "{D4F63076-A8C4-45EA-83EB-9A82C15F8BB2}"
EndProject
Global
	GlobalSection(SolutionConfigurationPlatforms) = preSolution
		Debug|Any CPU = Debug|Any CPU
		Release|Any CPU = Release|Any CPU
	EndGlobalSection
	GlobalSection(ProjectConfigurationPlatforms) = postSolution
		{D4F63076-A8C4-45EA-83EB-9A82C15F8BB2}.Debug|Any CPU.ActiveCfg = Debug|Any CPU
		{D4F63076-A8C4-45EA-83EB-9A82C15F8BB2}.Debug|Any CPU.Build.0 = Debug|Any CPU
		{D4F63076-A8C4-45EA-83EB-9A82C15F8BB2}.Release|Any CPU.ActiveCfg = Release|Any CPU
		{D4F63076-A8C4-45EA-83EB-9A82C15F8BB2}.Release|Any CPU.Build.0 = Release|Any CPU
	EndGlobalSection
	GlobalSection(SolutionProperties) = preSolution
		HideSolutionNode = FALSE
	EndGlobalSection
	GlobalSection(ExtensibilityGlobals) = postSolution
		SolutionGuid = {1B952DFA-12B1-4984-B56B-8C30BC5DD7E5}
	EndGlobalSection
EndGlobal
